
Microsoft Visual Studio Solution File, Format Version 12.00
# Visual Studio Version 17
VisualStudioVersion = 17.3.32901.215
MinimumVisualStudioVersion = 10.0.40219.1
Project("{FAE04EC0-301F-11D3-BF4B-00C04F79EFBC}") = "ExperimentWithControls", "ExperimentWithControls\ExperimentWithControls.csproj", "{585D1F18-3AEE-4C27-9AD5-80D8AA8BB008}"
EndProject
Global
	GlobalSection(SolutionConfigurationPlatforms) = preSolution
		Debug|Any CPU = Debug|Any CPU
		Release|Any CPU = Release|Any CPU
	EndGlobalSection
	GlobalSection(ProjectConfigurationPlatforms) = postSolution
		{585D1F18-3AEE-4C27-9AD5-80D8AA8BB008}.Debug|Any CPU.ActiveCfg = Debug|Any CPU
		{585D1F18-3AEE-4C27-9AD5-80D8AA8BB008}.Debug|Any CPU.Build.0 = Debug|Any CPU
		{585D1F18-3AEE-4C27-9AD5-80D8AA8BB008}.Release|Any CPU.ActiveCfg = Release|Any CPU
		{585D1F18-3AEE-4C27-9AD5-80D8AA8BB008}.Release|Any CPU.Build.0 = Release|Any CPU
	EndGlobalSection
	GlobalSection(SolutionProperties) = preSolution
		HideSolutionNode = FALSE
	EndGlobalSection
	GlobalSection(ExtensibilityGlobals) = postSolution
		SolutionGuid = {41F9FBCE-2365-4344-ABA3-8C92AFE482B2}
	EndGlobalSection
EndGlobal
